PODS:
  - agora_rtm (0.0.1):
    - AgoraRtm_macOS (= 1.2.2)
    - FlutterMacOS
  - AgoraRtm_macOS (1.2.2)
  - FlutterMacOS (1.0.0)

DEPENDENCIES:
  - agora_rtm (from `Flutter/ephemeral/.symlinks/plugins/agora_rtm/macos`)
  - FlutterMacOS (from `Flutter/ephemeral`)

SPEC REPOS:
  trunk:
    - AgoraRtm_macOS

EXTERNAL SOURCES:
  agora_rtm:
    :path: Flutter/ephemeral/.symlinks/plugins/agora_rtm/macos
  FlutterMacOS:
    :path: Flutter/ephemeral

SPEC CHECKSUMS:
  agora_rtm: f1874eee2d7e936646c86dbcd045d7fa5089f9a6
  AgoraRtm_macOS: fab43aa22a627ceee1409c6981fca0786c7d79cf
  FlutterMacOS: 57701585bf7de1b3fc2bb61f6378d73bbdea8424

PODFILE CHECKSUM: 6eac6b3292e5142cfc23bdeb71848a40ec51c14c

COCOAPODS: 1.10.0
